
Microsoft Visual Studio Solution File, Format Version 12.00
# Visual Studio Version 17
VisualStudioVersion = 17.0.31903.59
MinimumVisualStudioVersion = 10.0.40219.1
Project("{2150E333-8FDC-42A3-9474-1A3956D46DE8}") = "src", "src", "{92FD7852-8BD5-425D-B14C-76E69FCB04AF}"
EndProject
Project("{9A19103F-16F7-4668-BE54-9A1E7A4F7556}") = "Inventory.Shared", "src\Inventory.Shared\Inventory.Shared.csproj", "{745E007D-A6E8-49F9-A77E-92FDAFFBCD64}"
EndProject
Project("{9A19103F-16F7-4668-BE54-9A1E7A4F7556}") = "Inventory.Api", "src\Inventory.Api\Inventory.Api.csproj", "{520878B1-FAB6-4C0F-92E8-85A0172FC600}"
	ProjectSection(ProjectDependencies) = postProject
		{745E007D-A6E8-49F9-A77E-92FDAFFBCD64} = {745E007D-A6E8-49F9-A77E-92FDAFFBCD64}
		{75CD9606-5382-406A-B4DE-66362696FB67} = {75CD9606-5382-406A-B4DE-66362696FB67}
	EndProjectSection
EndProject
Project("{9A19103F-16F7-4668-BE54-9A1E7A4F7556}") = "Inventory.Client", "src\Inventory.Client\Inventory.Client.csproj", "{25F1F6A5-B13F-4821-8689-5B419555605E}"
	ProjectSection(ProjectDependencies) = postProject
		{745E007D-A6E8-49F9-A77E-92FDAFFBCD64} = {745E007D-A6E8-49F9-A77E-92FDAFFBCD64}
	EndProjectSection
EndProject
Project("{9A19103F-16F7-4668-BE54-9A1E7A4F7556}") = "Agent.Console", "src\Agent.Console\Agent.Console.csproj", "{56203E32-3E07-4CCB-84E2-33085F975AEC}"
EndProject
Project("{2150E333-8FDC-42A3-9474-1A3956D46DE8}") = "RadisHr", "RadisHr", "{C52F5A13-276E-4AC9-9175-A56AB67170A1}"
EndProject
Project("{9A19103F-16F7-4668-BE54-9A1E7A4F7556}") = "RadisHr.Shared", "modules\RadisHr\src\RadisHr.Shared\RadisHr.Shared.csproj", "{75CD9606-5382-406A-B4DE-66362696FB67}"
EndProject
Project("{9A19103F-16F7-4668-BE54-9A1E7A4F7556}") = "RadisHr.Client", "modules\RadisHr\src\RadisHr.Client\RadisHr.Client.csproj", "{44944636-8113-4DC2-A343-1E6934907EB2}"
	ProjectSection(ProjectDependencies) = postProject
		{75CD9606-5382-406A-B4DE-66362696FB67} = {75CD9606-5382-406A-B4DE-66362696FB67}
	EndProjectSection
EndProject
Project("{9A19103F-16F7-4668-BE54-9A1E7A4F7556}") = "RadisHr.ParityTests", "modules\RadisHr\tests\RadisHr.ParityTests\RadisHr.ParityTests.csproj", "{A325B94B-E032-4643-B973-94C033D64C23}"
	ProjectSection(ProjectDependencies) = postProject
		{75CD9606-5382-406A-B4DE-66362696FB67} = {75CD9606-5382-406A-B4DE-66362696FB67}
	EndProjectSection
EndProject
Global
	GlobalSection(SolutionConfigurationPlatforms) = preSolution
		Debug|Any CPU = Debug|Any CPU
		Release|Any CPU = Release|Any CPU
	EndGlobalSection
	GlobalSection(SolutionProperties) = preSolution
		HideSolutionNode = FALSE
	EndGlobalSection
	GlobalSection(ProjectConfigurationPlatforms) = postSolution
		{745E007D-A6E8-49F9-A77E-92FDAFFBCD64}.Debug|Any CPU.ActiveCfg = Debug|Any CPU
		{745E007D-A6E8-49F9-A77E-92FDAFFBCD64}.Debug|Any CPU.Build.0 = Debug|Any CPU
		{745E007D-A6E8-49F9-A77E-92FDAFFBCD64}.Release|Any CPU.ActiveCfg = Release|Any CPU
		{745E007D-A6E8-49F9-A77E-92FDAFFBCD64}.Release|Any CPU.Build.0 = Release|Any CPU
		{520878B1-FAB6-4C0F-92E8-85A0172FC600}.Debug|Any CPU.ActiveCfg = Debug|Any CPU
		{520878B1-FAB6-4C0F-92E8-85A0172FC600}.Debug|Any CPU.Build.0 = Debug|Any CPU
		{520878B1-FAB6-4C0F-92E8-85A0172FC600}.Release|Any CPU.ActiveCfg = Release|Any CPU
		{520878B1-FAB6-4C0F-92E8-85A0172FC600}.Release|Any CPU.Build.0 = Release|Any CPU
		{25F1F6A5-B13F-4821-8689-5B419555605E}.Debug|Any CPU.ActiveCfg = Debug|Any CPU
		{25F1F6A5-B13F-4821-8689-5B419555605E}.Debug|Any CPU.Build.0 = Debug|Any CPU
		{25F1F6A5-B13F-4821-8689-5B419555605E}.Release|Any CPU.ActiveCfg = Release|Any CPU
		{25F1F6A5-B13F-4821-8689-5B419555605E}.Release|Any CPU.Build.0 = Release|Any CPU
		{56203E32-3E07-4CCB-84E2-33085F975AEC}.Debug|Any CPU.ActiveCfg = Debug|Any CPU
		{56203E32-3E07-4CCB-84E2-33085F975AEC}.Debug|Any CPU.Build.0 = Debug|Any CPU
		{56203E32-3E07-4CCB-84E2-33085F975AEC}.Release|Any CPU.ActiveCfg = Release|Any CPU
		{56203E32-3E07-4CCB-84E2-33085F975AEC}.Release|Any CPU.Build.0 = Release|Any CPU
		{75CD9606-5382-406A-B4DE-66362696FB67}.Debug|Any CPU.ActiveCfg = Debug|Any CPU
		{75CD9606-5382-406A-B4DE-66362696FB67}.Debug|Any CPU.Build.0 = Debug|Any CPU
		{75CD9606-5382-406A-B4DE-66362696FB67}.Release|Any CPU.ActiveCfg = Release|Any CPU
		{75CD9606-5382-406A-B4DE-66362696FB67}.Release|Any CPU.Build.0 = Release|Any CPU
		{44944636-8113-4DC2-A343-1E6934907EB2}.Debug|Any CPU.ActiveCfg = Debug|Any CPU
		{44944636-8113-4DC2-A343-1E6934907EB2}.Debug|Any CPU.Build.0 = Debug|Any CPU
		{44944636-8113-4DC2-A343-1E6934907EB2}.Release|Any CPU.ActiveCfg = Release|Any CPU
		{44944636-8113-4DC2-A343-1E6934907EB2}.Release|Any CPU.Build.0 = Release|Any CPU
		{A325B94B-E032-4643-B973-94C033D64C23}.Debug|Any CPU.ActiveCfg = Debug|Any CPU
		{A325B94B-E032-4643-B973-94C033D64C23}.Debug|Any CPU.Build.0 = Debug|Any CPU
		{A325B94B-E032-4643-B973-94C033D64C23}.Release|Any CPU.ActiveCfg = Release|Any CPU
		{A325B94B-E032-4643-B973-94C033D64C23}.Release|Any CPU.Build.0 = Release|Any CPU
	EndGlobalSection
	GlobalSection(NestedProjects) = preSolution
		{745E007D-A6E8-49F9-A77E-92FDAFFBCD64} = {92FD7852-8BD5-425D-B14C-76E69FCB04AF}
		{520878B1-FAB6-4C0F-92E8-85A0172FC600} = {92FD7852-8BD5-425D-B14C-76E69FCB04AF}
		{25F1F6A5-B13F-4821-8689-5B419555605E} = {92FD7852-8BD5-425D-B14C-76E69FCB04AF}
		{56203E32-3E07-4CCB-84E2-33085F975AEC} = {92FD7852-8BD5-425D-B14C-76E69FCB04AF}
		{75CD9606-5382-406A-B4DE-66362696FB67} = {C52F5A13-276E-4AC9-9175-A56AB67170A1}
		{44944636-8113-4DC2-A343-1E6934907EB2} = {C52F5A13-276E-4AC9-9175-A56AB67170A1}
		{A325B94B-E032-4643-B973-94C033D64C23} = {C52F5A13-276E-4AC9-9175-A56AB67170A1}
	EndGlobalSection
EndGlobal
